github.com/lcylpzls/errx v1.4.0 h1:CdlMZuf2F49PCyUkRROf11i1gHcAI38GTG+kxMAGQWI=
github.com/lcylpzls/errx v1.4.0/go.mod h1:+GcqVS4+6iuHvCELjwpsc1RKrdEtSNz00xq0lFrgdgI=
github.com/lcylpzls/logx v1.1.0 h1:BiIhkpCxTt6xehnRjDSNS3r9vHINUwV2nhQFSajAypE=
github.com/lcylpzls/logx v1.1.0/go.mod h1:reR9kkXoO1rL8xqvvDvNAyyKsU4nqA/9WJlkeQDne4I=
