github.com/lcylpzls/errx v1.5.5 h1:zM4NcWPHmtwhdxjaw8abzryZNgcjGc4qs57QSc5wpLU=
github.com/lcylpzls/errx v1.5.5/go.mod h1:mvjTnKj5gDpNtj/0pftC/ctWH+P1NrNOl1asrij//RM=
github.com/lcylpzls/logx v1.3.2 h1:RZtmXH2LR77mk/l8WrsztP27e6v71zGPyzBF01B4Mog=
github.com/lcylpzls/logx v1.3.2/go.mod h1:EVpYAd/8ueoQJVdkcw4UHq7aKtlBr6Nj9P5x44JuMlM=
